
Microsoft Visual Studio Solution File, Format Version 12.00
# Visual Studio Version 17
VisualStudioVersion = 17.7.34024.191
MinimumVisualStudioVersion = 10.0.40219.1
Project("{FAE04EC0-301F-11D3-BF4B-00C04F79EFBC}") = "Pizzeria Noah", "Pizzeria Noah\Pizzeria Noah.csproj", "{5ECA1F09-8F1F-4F87-B190-EF6D6A092AE1}"
EndProject
Global
	GlobalSection(SolutionConfigurationPlatforms) = preSolution
		Debug|Any CPU = Debug|Any CPU
		Release|Any CPU = Release|Any CPU
	EndGlobalSection
	GlobalSection(ProjectConfigurationPlatforms) = postSolution
		{5ECA1F09-8F1F-4F87-B190-EF6D6A092AE1}.Debug|Any CPU.ActiveCfg = Debug|Any CPU
		{5ECA1F09-8F1F-4F87-B190-EF6D6A092AE1}.Debug|Any CPU.Build.0 = Debug|Any CPU
		{5ECA1F09-8F1F-4F87-B190-EF6D6A092AE1}.Release|Any CPU.ActiveCfg = Release|Any CPU
		{5ECA1F09-8F1F-4F87-B190-EF6D6A092AE1}.Release|Any CPU.Build.0 = Release|Any CPU
	EndGlobalSection
	GlobalSection(SolutionProperties) = preSolution
		HideSolutionNode = FALSE
	EndGlobalSection
	GlobalSection(ExtensibilityGlobals) = postSolution
		SolutionGuid = {E129E374-7711-4DD0-97AB-FD05BE0A2631}
	EndGlobalSection
EndGlobal
